{
  "nodes": {
    "nixpkgs": {
      "locked": {
        "lastModified": 1761114652,
        "narHash": "sha256-f/QCJM/YhrV/lavyCVz8iU3rlZun6d+dAiC3H+CDle4=",
        "owner": "nixos",
        "repo": "nixpkgs",
        "rev": "01f116e4df6a15f4ccdffb1bcd41096869fb385c",
        "type": "github"
      },
      "original": {
        "owner": "nixos",
        "ref": "nixos-unstable",
        "repo": "nixpkgs",
        "type": "github"
      }
    },
    "root": {
      "inputs": {
        "nixpkgs": "nixpkgs",
        "termux-auth": "termux-auth",
        "termux-packages": "termux-packages"
      }
    },
    "termux-auth": {
      "flake": false,
      "locked": {
        "lastModified": 1727351185,
        "narHash": "sha256-GbAzu7PPvFZY9zPZBq9XxmNEsbvA4jwvw79pmQ4vAuw=",
        "owner": "termux",
        "repo": "termux-auth",
        "rev": "0bb85b4faa24f4259cfd217ac1865c1b9c4ffc2a",
        "type": "github"
      },
      "original": {
        "owner": "termux",
        "repo": "termux-auth",
        "type": "github"
      }
    },
    "termux-packages": {
      "flake": false,
      "locked": {
        "lastModified": 1761373580,
        "narHash": "sha256-w8+oG+fYTmRrkjcYq9ss59NhKxXza1YfWWtK5EoAJCk=",
        "owner": "termux",
        "repo": "termux-packages",
        "rev": "a7c413ea3c7ada2ec721a836765985f7141b11cd",
        "type": "github"
      },
      "original": {
        "owner": "termux",
        "repo": "termux-packages",
        "type": "github"
      }
    }
  },
  "root": "root",
  "version": 7
}
